
Microsoft Visual Studio Solution File, Format Version 12.00
# Visual Studio 15
VisualStudioVersion = 15.0.26430.16
MinimumVisualStudioVersion = 10.0.40219.1
Project("{FAE04EC0-301F-11D3-BF4B-00C04F79EFBC}") = "WebApplication_osnove", "WebApplication_osnove\WebApplication_osnove.csproj", "{B49C5249-41F4-4CCF-8C15-9BCCE487D3A3}"
EndProject
Project("{FAE04EC0-301F-11D3-BF4B-00C04F79EFBC}") = "WebFormsPrimjer", "WebFormsPrimjer\WebFormsPrimjer.csproj", "{3BD85FB8-A67C-486B-A94E-120CA2A6C650}"
EndProject
Project("{FAE04EC0-301F-11D3-BF4B-00C04F79EFBC}") = "hello world", "hello world\hello world.csproj", "{9DFE8AFA-92DD-4852-A567-7EBF0AB7BBC3}"
EndProject
Project("{FAE04EC0-301F-11D3-BF4B-00C04F79EFBC}") = "Validacije", "Validacije\Validacije.csproj", "{1C7F6F95-387C-467C-97BA-A00D162C554C}"
EndProject
Project("{FAE04EC0-301F-11D3-BF4B-00C04F79EFBC}") = "ado_net_spajanje_na_bazu", "ado_net_spajanje_na_bazu\ado_net_spajanje_na_bazu.csproj", "{E9F9F7C6-A89A-4422-A750-623A2FB8377C}"
EndProject
Project("{FAE04EC0-301F-11D3-BF4B-00C04F79EFBC}") = "Adresar", "Adresar\Adresar.csproj", "{ECDA521A-24FF-40FA-A779-2314F1589787}"
EndProject
Project("{FAE04EC0-301F-11D3-BF4B-00C04F79EFBC}") = "Webshop", "Webshop\Webshop.csproj", "{94F6DD3A-B77B-402A-A0F1-C60254C041DD}"
EndProject
Global
	GlobalSection(SolutionConfigurationPlatforms) = preSolution
		Debug|Any CPU = Debug|Any CPU
		Release|Any CPU = Release|Any CPU
	EndGlobalSection
	GlobalSection(ProjectConfigurationPlatforms) = postSolution
		{B49C5249-41F4-4CCF-8C15-9BCCE487D3A3}.Debug|Any CPU.ActiveCfg = Debug|Any CPU
		{B49C5249-41F4-4CCF-8C15-9BCCE487D3A3}.Debug|Any CPU.Build.0 = Debug|Any CPU
		{B49C5249-41F4-4CCF-8C15-9BCCE487D3A3}.Release|Any CPU.ActiveCfg = Release|Any CPU
		{B49C5249-41F4-4CCF-8C15-9BCCE487D3A3}.Release|Any CPU.Build.0 = Release|Any CPU
		{3BD85FB8-A67C-486B-A94E-120CA2A6C650}.Debug|Any CPU.ActiveCfg = Debug|Any CPU
		{3BD85FB8-A67C-486B-A94E-120CA2A6C650}.Debug|Any CPU.Build.0 = Debug|Any CPU
		{3BD85FB8-A67C-486B-A94E-120CA2A6C650}.Release|Any CPU.ActiveCfg = Release|Any CPU
		{3BD85FB8-A67C-486B-A94E-120CA2A6C650}.Release|Any CPU.Build.0 = Release|Any CPU
		{9DFE8AFA-92DD-4852-A567-7EBF0AB7BBC3}.Debug|Any CPU.ActiveCfg = Debug|Any CPU
		{9DFE8AFA-92DD-4852-A567-7EBF0AB7BBC3}.Debug|Any CPU.Build.0 = Debug|Any CPU
		{9DFE8AFA-92DD-4852-A567-7EBF0AB7BBC3}.Release|Any CPU.ActiveCfg = Release|Any CPU
		{9DFE8AFA-92DD-4852-A567-7EBF0AB7BBC3}.Release|Any CPU.Build.0 = Release|Any CPU
		{1C7F6F95-387C-467C-97BA-A00D162C554C}.Debug|Any CPU.ActiveCfg = Debug|Any CPU
		{1C7F6F95-387C-467C-97BA-A00D162C554C}.Debug|Any CPU.Build.0 = Debug|Any CPU
		{1C7F6F95-387C-467C-97BA-A00D162C554C}.Release|Any CPU.ActiveCfg = Release|Any CPU
		{1C7F6F95-387C-467C-97BA-A00D162C554C}.Release|Any CPU.Build.0 = Release|Any CPU
		{E9F9F7C6-A89A-4422-A750-623A2FB8377C}.Debug|Any CPU.ActiveCfg = Debug|Any CPU
		{E9F9F7C6-A89A-4422-A750-623A2FB8377C}.Debug|Any CPU.Build.0 = Debug|Any CPU
		{E9F9F7C6-A89A-4422-A750-623A2FB8377C}.Release|Any CPU.ActiveCfg = Release|Any CPU
		{E9F9F7C6-A89A-4422-A750-623A2FB8377C}.Release|Any CPU.Build.0 = Release|Any CPU
		{ECDA521A-24FF-40FA-A779-2314F1589787}.Debug|Any CPU.ActiveCfg = Debug|Any CPU
		{ECDA521A-24FF-40FA-A779-2314F1589787}.Debug|Any CPU.Build.0 = Debug|Any CPU
		{ECDA521A-24FF-40FA-A779-2314F1589787}.Release|Any CPU.ActiveCfg = Release|Any CPU
		{ECDA521A-24FF-40FA-A779-2314F1589787}.Release|Any CPU.Build.0 = Release|Any CPU
		{94F6DD3A-B77B-402A-A0F1-C60254C041DD}.Debug|Any CPU.ActiveCfg = Debug|Any CPU
		{94F6DD3A-B77B-402A-A0F1-C60254C041DD}.Debug|Any CPU.Build.0 = Debug|Any CPU
		{94F6DD3A-B77B-402A-A0F1-C60254C041DD}.Release|Any CPU.ActiveCfg = Release|Any CPU
		{94F6DD3A-B77B-402A-A0F1-C60254C041DD}.Release|Any CPU.Build.0 = Release|Any CPU
	EndGlobalSection
	GlobalSection(SolutionProperties) = preSolution
		HideSolutionNode = FALSE
	EndGlobalSection
	GlobalSection(ExtensibilityGlobals) = postSolution
		SolutionGuid = {9645ABE9-CCF0-41EC-B57E-C4C0CC681950}
	EndGlobalSection
EndGlobal
